// !$*UTF8*$!
{
	archiveVersion = 1;
	classes = {
	};
	objectVersion = 46;
	objects = {

/* Begin PBXBuildFile section */
		BCA747F61C0EB27000FB3F01 /* cursor.cpp in Sources */ = {isa = PBXBuildFile; fileRef = BCA747971C0EB27000FB3F01 /* cursor.cpp */; };
		BCA747F71C0EB27000FB3F01 /* debug.cpp in Sources */ = {isa = PBXBuildFile; fileRef = BCA7479A1C0EB27000FB3F01 /* debug.cpp */; };
		BCA747F81C0EB27000FB3F01 /* Event.cpp in Sources */ = {isa = PBXBuildFile; fileRef = BCA7479D1C0EB27000FB3F01 /* Event.cpp */; };
		BCA747F91C0EB27000FB3F01 /* fader.cpp in Sources */ = {isa = PBXBuildFile; fileRef = BCA7479F1C0EB27000FB3F01 /* fader.cpp */; };
		BCA747FA1C0EB27000FB3F01 /* LightDirectionEmission.cpp in Sources */ = {isa = PBXBuildFile; fileRef = BCA747A31C0EB27000FB3F01 /* LightDirectionEmission.cpp */; };
		BCA747FB1C0EB27000FB3F01 /* LightPointEmission.cpp in Sources */ = {isa = PBXBuildFile; fileRef = BCA747A51C0EB27000FB3F01 /* LightPointEmission.cpp */; };
		BCA747FC1C0EB27000FB3F01 /* LightShape.cpp in Sources */ = {isa = PBXBuildFile; fileRef = BCA747A71C0EB27000FB3F01 /* LightShape.cpp */; };
		BCA747FD1C0EB27000FB3F01 /* LightSystem.cpp in Sources */ = {isa = PBXBuildFile; fileRef = BCA747A91C0EB27000FB3F01 /* LightSystem.cpp */; };
		BCA747FE1C0EB27000FB3F01 /* DynamicQuadtree.cpp in Sources */ = {isa = PBXBuildFile; fileRef = BCA747AD1C0EB27000FB3F01 /* DynamicQuadtree.cpp */; };
		BCA747FF1C0EB27000FB3F01 /* Quadtree.cpp in Sources */ = {isa = PBXBuildFile; fileRef = BCA747AF1C0EB27000FB3F01 /* Quadtree.cpp */; };
		BCA748001C0EB27000FB3F01 /* QuadtreeN.cpp in Sources */ = {isa = PBXBuildFile; fileRef = BCA747B11C0EB27000FB3F01 /* QuadtreeN.cpp */; };
		BCA748011C0EB27000FB3F01 /* QuadtreeOccupant.cpp in Sources */ = {isa = PBXBuildFile; fileRef = BCA747B31C0EB27000FB3F01 /* QuadtreeOccupant.cpp */; };
		BCA748021C0EB27000FB3F01 /* StaticQuadtree.cpp in Sources */ = {isa = PBXBuildFile; fileRef = BCA747B51C0EB27000FB3F01 /* StaticQuadtree.cpp */; };
		BCA748031C0EB27000FB3F01 /* main.cpp in Sources */ = {isa = PBXBuildFile; fileRef = BCA747B71C0EB27000FB3F01 /* main.cpp */; };
		BCA748041C0EB27000FB3F01 /* NPC.cpp in Sources */ = {isa = PBXBuildFile; fileRef = BCA747B81C0EB27000FB3F01 /* NPC.cpp */; };
		BCA748051C0EB27000FB3F01 /* pause.cpp in Sources */ = {isa = PBXBuildFile; fileRef = BCA747BA1C0EB27000FB3F01 /* pause.cpp */; };
		BCA748061C0EB27000FB3F01 /* player.cpp in Sources */ = {isa = PBXBuildFile; fileRef = BCA747BC1C0EB27000FB3F01 /* player.cpp */; };
		BCA748071C0EB27000FB3F01 /* SceneReader.cpp in Sources */ = {isa = PBXBuildFile; fileRef = BCA747BE1C0EB27000FB3F01 /* SceneReader.cpp */; };
		BCA748081C0EB27000FB3F01 /* SceneUtility.cpp in Sources */ = {isa = PBXBuildFile; fileRef = BCA747C01C0EB27000FB3F01 /* SceneUtility.cpp */; };
		BCA748091C0EB27000FB3F01 /* Textbox.cpp in Sources */ = {isa = PBXBuildFile; fileRef = BCA747C21C0EB27000FB3F01 /* Textbox.cpp */; };
		BCA7480A1C0EB27000FB3F01 /* title.cpp in Sources */ = {isa = PBXBuildFile; fileRef = BCA747C41C0EB27000FB3F01 /* title.cpp */; };
		BCA7480B1C0EB27000FB3F01 /* DebugShape.cpp in Sources */ = {isa = PBXBuildFile; fileRef = BCA747C71C0EB27000FB3F01 /* DebugShape.cpp */; };
		BCA7480C1C0EB27000FB3F01 /* MapLayer.cpp in Sources */ = {isa = PBXBuildFile; fileRef = BCA747C81C0EB27000FB3F01 /* MapLayer.cpp */; };
		BCA7480D1C0EB27000FB3F01 /* MapLoaderPrivate.cpp in Sources */ = {isa = PBXBuildFile; fileRef = BCA747C91C0EB27000FB3F01 /* MapLoaderPrivate.cpp */; };
		BCA7480E1C0EB27000FB3F01 /* MapLoaderPublic.cpp in Sources */ = {isa = PBXBuildFile; fileRef = BCA747CA1C0EB27000FB3F01 /* MapLoaderPublic.cpp */; };
		BCA7480F1C0EB27000FB3F01 /* MapObject.cpp in Sources */ = {isa = PBXBuildFile; fileRef = BCA747CB1C0EB27000FB3F01 /* MapObject.cpp */; };
		BCA748101C0EB27000FB3F01 /* pugixml.cpp in Sources */ = {isa = PBXBuildFile; fileRef = BCA747CD1C0EB27000FB3F01 /* pugixml.cpp */; };
		BCA748111C0EB27000FB3F01 /* QuadTreeNode.cpp in Sources */ = {isa = PBXBuildFile; fileRef = BCA747CE1C0EB27000FB3F01 /* QuadTreeNode.cpp */; };
		BCA748121C0EB27000FB3F01 /* select_blip.wav in Resources */ = {isa = PBXBuildFile; fileRef = BCA747D11C0EB27000FB3F01 /* select_blip.wav */; };
		BCA748131C0EB27000FB3F01 /* test.ogg in Resources */ = {isa = PBXBuildFile; fileRef = BCA747D21C0EB27000FB3F01 /* test.ogg */; };
		BCA748141C0EB27000FB3F01 /* test_sound.wav in Resources */ = {isa = PBXBuildFile; fileRef = BCA747D31C0EB27000FB3F01 /* test_sound.wav */; };
		BCA748151C0EB27000FB3F01 /* text_blip.wav in Resources */ = {isa = PBXBuildFile; fileRef = BCA747D41C0EB27000FB3F01 /* text_blip.wav */; };
		BCA748161C0EB27000FB3F01 /* text_blip2.wav in Resources */ = {isa = PBXBuildFile; fileRef = BCA747D51C0EB27000FB3F01 /* text_blip2.wav */; };
		BCA748171C0EB27000FB3F01 /* text_blip3.wav in Resources */ = {isa = PBXBuildFile; fileRef = BCA747D61C0EB27000FB3F01 /* text_blip3.wav */; };
		BCA748181C0EB27000FB3F01 /* directionLightTexture.png in Resources */ = {isa = PBXBuildFile; fileRef = BCA747D71C0EB27000FB3F01 /* directionLightTexture.png */; };
		BCA748191C0EB27000FB3F01 /* Vera.ttf in Resources */ = {isa = PBXBuildFile; fileRef = BCA747D91C0EB27000FB3F01 /* Vera.ttf */; };
		BCA7481A1C0EB27000FB3F01 /* lightOverShapeShader.frag in Resources */ = {isa = PBXBuildFile; fileRef = BCA747DA1C0EB27000FB3F01 /* lightOverShapeShader.frag */; };
		BCA7481B1C0EB27000FB3F01 /* lightOverShapeShader.vert in Resources */ = {isa = PBXBuildFile; fileRef = BCA747DB1C0EB27000FB3F01 /* lightOverShapeShader.vert */; };
		BCA7481C1C0EB27000FB3F01 /* 64_forest_tileset.png in Resources */ = {isa = PBXBuildFile; fileRef = BCA747DD1C0EB27000FB3F01 /* 64_forest_tileset.png */; };
		BCA7481D1C0EB27000FB3F01 /* start.tmx in Resources */ = {isa = PBXBuildFile; fileRef = BCA747DE1C0EB27000FB3F01 /* start.tmx */; };
		BCA7481E1C0EB27000FB3F01 /* penumbraTexture.png in Resources */ = {isa = PBXBuildFile; fileRef = BCA747DF1C0EB27000FB3F01 /* penumbraTexture.png */; };
		BCA7481F1C0EB27000FB3F01 /* pointLightTexture.png in Resources */ = {isa = PBXBuildFile; fileRef = BCA747E01C0EB27000FB3F01 /* pointLightTexture.png */; };
		BCA748201C0EB27000FB3F01 /* scenes.txt in Resources */ = {isa = PBXBuildFile; fileRef = BCA747E21C0EB27000FB3F01 /* scenes.txt */; };
		BCA748211C0EB27000FB3F01 /* temp.txt in Resources */ = {isa = PBXBuildFile; fileRef = BCA747E31C0EB27000FB3F01 /* temp.txt */; };
		BCA748221C0EB27000FB3F01 /* book.png in Resources */ = {isa = PBXBuildFile; fileRef = BCA747E51C0EB27000FB3F01 /* book.png */; };
		BCA748231C0EB27000FB3F01 /* cursor.png in Resources */ = {isa = PBXBuildFile; fileRef = BCA747E61C0EB27000FB3F01 /* cursor.png */; };
		BCA748241C0EB27000FB3F01 /* face_luke.png in Resources */ = {isa = PBXBuildFile; fileRef = BCA747E71C0EB27000FB3F01 /* face_luke.png */; };
		BCA748251C0EB27000FB3F01 /* face_resdin.png in Resources */ = {isa = PBXBuildFile; fileRef = BCA747E81C0EB27000FB3F01 /* face_resdin.png */; };
		BCA748261C0EB27000FB3F01 /* face_temp.png in Resources */ = {isa = PBXBuildFile; fileRef = BCA747E91C0EB27000FB3F01 /* face_temp.png */; };
		BCA748271C0EB27000FB3F01 /* face_warren.png in Resources */ = {isa = PBXBuildFile; fileRef = BCA747EA1C0EB27000FB3F01 /* face_warren.png */; };
		BCA748281C0EB27000FB3F01 /* house1.png in Resources */ = {isa = PBXBuildFile; fileRef = BCA747EB1C0EB27000FB3F01 /* house1.png */; };
		BCA748291C0EB27000FB3F01 /* LustrousLegacyLogo.png in Resources */ = {isa = PBXBuildFile; fileRef = BCA747EC1C0EB27000FB3F01 /* LustrousLegacyLogo.png */; };
		BCA7482A1C0EB27000FB3F01 /* playerSprite.png in Resources */ = {isa = PBXBuildFile; fileRef = BCA747ED1C0EB27000FB3F01 /* playerSprite.png */; };
		BCA7482B1C0EB27000FB3F01 /* sprite_luke.png in Resources */ = {isa = PBXBuildFile; fileRef = BCA747EE1C0EB27000FB3F01 /* sprite_luke.png */; };
		BCA7482C1C0EB27000FB3F01 /* sprite_npc1.png in Resources */ = {isa = PBXBuildFile; fileRef = BCA747EF1C0EB27000FB3F01 /* sprite_npc1.png */; };
		BCA7482D1C0EB27000FB3F01 /* sprite_resdin.png in Resources */ = {isa = PBXBuildFile; fileRef = BCA747F01C0EB27000FB3F01 /* sprite_resdin.png */; };
		BCA7482E1C0EB27000FB3F01 /* tempSprite.png in Resources */ = {isa = PBXBuildFile; fileRef = BCA747F11C0EB27000FB3F01 /* tempSprite.png */; };
		BCA7482F1C0EB27000FB3F01 /* title.png in Resources */ = {isa = PBXBuildFile; fileRef = BCA747F21C0EB27000FB3F01 /* title.png */; };
		BCA748301C0EB27000FB3F01 /* warren_house.png in Resources */ = {isa = PBXBuildFile; fileRef = BCA747F31C0EB27000FB3F01 /* warren_house.png */; };
		BCA748311C0EB27000FB3F01 /* unshadowShader.frag in Resources */ = {isa = PBXBuildFile; fileRef = BCA747F41C0EB27000FB3F01 /* unshadowShader.frag */; };
		BCA748321C0EB27000FB3F01 /* unshadowShader.vert in Resources */ = {isa = PBXBuildFile; fileRef = BCA747F51C0EB27000FB3F01 /* unshadowShader.vert */; };
		BCA748341C0EB28800FB3F01 /* libz.dylib in Frameworks */ = {isa = PBXBuildFile; fileRef = BCA748331C0EB28800FB3F01 /* libz.dylib */; };
		BCA748361C0EC90300FB3F01 /* Math.cpp in Sources */ = {isa = PBXBuildFile; fileRef = BCA748351C0EC90300FB3F01 /* Math.cpp */; };
/* End PBXBuildFile section */

/* Begin PBXFileReference section */
		BCA7477E1C0EB25700FB3F01 /* LustrousLegacy.app */ = {isa = PBXFileReference; explicitFileType = wrapper.application; includeInIndex = 0; path = LustrousLegacy.app; sourceTree = BUILT_PRODUCTS_DIR; };
		BCA747821C0EB25700FB3F01 /* LustrousLegacy-Info.plist */ = {isa = PBXFileReference; lastKnownFileType = text.plist.xml; path = "LustrousLegacy-Info.plist"; sourceTree = "<group>"; };
		BCA747971C0EB27000FB3F01 /* cursor.cpp */ = {isa = PBXFileReference; fileEncoding = 4; lastKnownFileType = sourcecode.cpp.cpp; path = cursor.cpp; sourceTree = "<group>"; };
		BCA747981C0EB27000FB3F01 /* cursor.h */ = {isa = PBXFileReference; fileEncoding = 4; lastKnownFileType = sourcecode.c.h; path = cursor.h; sourceTree = "<group>"; };
		BCA7479A1C0EB27000FB3F01 /* debug.cpp */ = {isa = PBXFileReference; fileEncoding = 4; lastKnownFileType = sourcecode.cpp.cpp; path = debug.cpp; sourceTree = "<group>"; };
		BCA7479B1C0EB27000FB3F01 /* debug.h */ = {isa = PBXFileReference; fileEncoding = 4; lastKnownFileType = sourcecode.c.h; path = debug.h; sourceTree = "<group>"; };
		BCA7479C1C0EB27000FB3F01 /* Enums.h */ = {isa = PBXFileReference; fileEncoding = 4; lastKnownFileType = sourcecode.c.h; path = Enums.h; sourceTree = "<group>"; };
		BCA7479D1C0EB27000FB3F01 /* Event.cpp */ = {isa = PBXFileReference; fileEncoding = 4; lastKnownFileType = sourcecode.cpp.cpp; path = Event.cpp; sourceTree = "<group>"; };
		BCA7479E1C0EB27000FB3F01 /* Event.h */ = {isa = PBXFileReference; fileEncoding = 4; lastKnownFileType = sourcecode.c.h; path = Event.h; sourceTree = "<group>"; };
		BCA7479F1C0EB27000FB3F01 /* fader.cpp */ = {isa = PBXFileReference; fileEncoding = 4; lastKnownFileType = sourcecode.cpp.cpp; path = fader.cpp; sourceTree = "<group>"; };
		BCA747A01C0EB27000FB3F01 /* fader.h */ = {isa = PBXFileReference; fileEncoding = 4; lastKnownFileType = sourcecode.c.h; path = fader.h; sourceTree = "<group>"; };
		BCA747A31C0EB27000FB3F01 /* LightDirectionEmission.cpp */ = {isa = PBXFileReference; fileEncoding = 4; lastKnownFileType = sourcecode.cpp.cpp; path = LightDirectionEmission.cpp; sourceTree = "<group>"; };
		BCA747A41C0EB27000FB3F01 /* LightDirectionEmission.h */ = {isa = PBXFileReference; fileEncoding = 4; lastKnownFileType = sourcecode.c.h; path = LightDirectionEmission.h; sourceTree = "<group>"; };
		BCA747A51C0EB27000FB3F01 /* LightPointEmission.cpp */ = {isa = PBXFileReference; fileEncoding = 4; lastKnownFileType = sourcecode.cpp.cpp; path = LightPointEmission.cpp; sourceTree = "<group>"; };
		BCA747A61C0EB27000FB3F01 /* LightPointEmission.h */ = {isa = PBXFileReference; fileEncoding = 4; lastKnownFileType = sourcecode.c.h; path = LightPointEmission.h; sourceTree = "<group>"; };
		BCA747A71C0EB27000FB3F01 /* LightShape.cpp */ = {isa = PBXFileReference; fileEncoding = 4; lastKnownFileType = sourcecode.cpp.cpp; path = LightShape.cpp; sourceTree = "<group>"; };
		BCA747A81C0EB27000FB3F01 /* LightShape.h */ = {isa = PBXFileReference; fileEncoding = 4; lastKnownFileType = sourcecode.c.h; path = LightShape.h; sourceTree = "<group>"; };
		BCA747A91C0EB27000FB3F01 /* LightSystem.cpp */ = {isa = PBXFileReference; fileEncoding = 4; lastKnownFileType = sourcecode.cpp.cpp; path = LightSystem.cpp; sourceTree = "<group>"; };
		BCA747AA1C0EB27000FB3F01 /* LightSystem.h */ = {isa = PBXFileReference; fileEncoding = 4; lastKnownFileType = sourcecode.c.h; path = LightSystem.h; sourceTree = "<group>"; };
		BCA747AD1C0EB27000FB3F01 /* DynamicQuadtree.cpp */ = {isa = PBXFileReference; fileEncoding = 4; lastKnownFileType = sourcecode.cpp.cpp; path = DynamicQuadtree.cpp; sourceTree = "<group>"; };
		BCA747AE1C0EB27000FB3F01 /* DynamicQuadtree.h */ = {isa = PBXFileReference; fileEncoding = 4; lastKnownFileType = sourcecode.c.h; path = DynamicQuadtree.h; sourceTree = "<group>"; };
		BCA747AF1C0EB27000FB3F01 /* Quadtree.cpp */ = {isa = PBXFileReference; fileEncoding = 4; lastKnownFileType = sourcecode.cpp.cpp; path = Quadtree.cpp; sourceTree = "<group>"; };
		BCA747B01C0EB27000FB3F01 /* Quadtree.h */ = {isa = PBXFileReference; fileEncoding = 4; lastKnownFileType = sourcecode.c.h; path = Quadtree.h; sourceTree = "<group>"; };
		BCA747B11C0EB27000FB3F01 /* QuadtreeN.cpp */ = {isa = PBXFileReference; fileEncoding = 4; lastKnownFileType = sourcecode.cpp.cpp; path = QuadtreeN.cpp; sourceTree = "<group>"; };
		BCA747B21C0EB27000FB3F01 /* QuadtreeNode.h */ = {isa = PBXFileReference; fileEncoding = 4; lastKnownFileType = sourcecode.c.h; path = QuadtreeNode.h; sourceTree = "<group>"; };
		BCA747B31C0EB27000FB3F01 /* QuadtreeOccupant.cpp */ = {isa = PBXFileReference; fileEncoding = 4; lastKnownFileType = sourcecode.cpp.cpp; path = QuadtreeOccupant.cpp; sourceTree = "<group>"; };
		BCA747B41C0EB27000FB3F01 /* QuadtreeOccupant.h */ = {isa = PBXFileReference; fileEncoding = 4; lastKnownFileType = sourcecode.c.h; path = QuadtreeOccupant.h; sourceTree = "<group>"; };
		BCA747B51C0EB27000FB3F01 /* StaticQuadtree.cpp */ = {isa = PBXFileReference; fileEncoding = 4; lastKnownFileType = sourcecode.cpp.cpp; path = StaticQuadtree.cpp; sourceTree = "<group>"; };
		BCA747B61C0EB27000FB3F01 /* StaticQuadtree.h */ = {isa = PBXFileReference; fileEncoding = 4; lastKnownFileType = sourcecode.c.h; path = StaticQuadtree.h; sourceTree = "<group>"; };
		BCA747B71C0EB27000FB3F01 /* main.cpp */ = {isa = PBXFileReference; fileEncoding = 4; lastKnownFileType = sourcecode.cpp.cpp; path = main.cpp; sourceTree = "<group>"; };
		BCA747B81C0EB27000FB3F01 /* NPC.cpp */ = {isa = PBXFileReference; fileEncoding = 4; lastKnownFileType = sourcecode.cpp.cpp; path = NPC.cpp; sourceTree = "<group>"; };
		BCA747B91C0EB27000FB3F01 /* NPC.h */ = {isa = PBXFileReference; fileEncoding = 4; lastKnownFileType = sourcecode.c.h; path = NPC.h; sourceTree = "<group>"; };
		BCA747BA1C0EB27000FB3F01 /* pause.cpp */ = {isa = PBXFileReference; fileEncoding = 4; lastKnownFileType = sourcecode.cpp.cpp; path = pause.cpp; sourceTree = "<group>"; };
		BCA747BB1C0EB27000FB3F01 /* pause.h */ = {isa = PBXFileReference; fileEncoding = 4; lastKnownFileType = sourcecode.c.h; path = pause.h; sourceTree = "<group>"; };
		BCA747BC1C0EB27000FB3F01 /* player.cpp */ = {isa = PBXFileReference; fileEncoding = 4; lastKnownFileType = sourcecode.cpp.cpp; path = player.cpp; sourceTree = "<group>"; };
		BCA747BD1C0EB27000FB3F01 /* player.h */ = {isa = PBXFileReference; fileEncoding = 4; lastKnownFileType = sourcecode.c.h; path = player.h; sourceTree = "<group>"; };
		BCA747BE1C0EB27000FB3F01 /* SceneReader.cpp */ = {isa = PBXFileReference; fileEncoding = 4; lastKnownFileType = sourcecode.cpp.cpp; path = SceneReader.cpp; sourceTree = "<group>"; };
		BCA747BF1C0EB27000FB3F01 /* SceneReader.h */ = {isa = PBXFileReference; fileEncoding = 4; lastKnownFileType = sourcecode.c.h; path = SceneReader.h; sourceTree = "<group>"; };
		BCA747C01C0EB27000FB3F01 /* SceneUtility.cpp */ = {isa = PBXFileReference; fileEncoding = 4; lastKnownFileType = sourcecode.cpp.cpp; path = SceneUtility.cpp; sourceTree = "<group>"; };
		BCA747C11C0EB27000FB3F01 /* SceneUtility.h */ = {isa = PBXFileReference; fileEncoding = 4; lastKnownFileType = sourcecode.c.h; path = SceneUtility.h; sourceTree = "<group>"; };
		BCA747C21C0EB27000FB3F01 /* Textbox.cpp */ = {isa = PBXFileReference; fileEncoding = 4; lastKnownFileType = sourcecode.cpp.cpp; path = Textbox.cpp; sourceTree = "<group>"; };
		BCA747C31C0EB27000FB3F01 /* textbox.h */ = {isa = PBXFileReference; fileEncoding = 4; lastKnownFileType = sourcecode.c.h; path = textbox.h; sourceTree = "<group>"; };
		BCA747C41C0EB27000FB3F01 /* title.cpp */ = {isa = PBXFileReference; fileEncoding = 4; lastKnownFileType = sourcecode.cpp.cpp; path = title.cpp; sourceTree = "<group>"; };
		BCA747C51C0EB27000FB3F01 /* title.h */ = {isa = PBXFileReference; fileEncoding = 4; lastKnownFileType = sourcecode.c.h; path = title.h; sourceTree = "<group>"; };
		BCA747C71C0EB27000FB3F01 /* DebugShape.cpp */ = {isa = PBXFileReference; fileEncoding = 4; lastKnownFileType = sourcecode.cpp.cpp; path = DebugShape.cpp; sourceTree = "<group>"; };
		BCA747C81C0EB27000FB3F01 /* MapLayer.cpp */ = {isa = PBXFileReference; fileEncoding = 4; lastKnownFileType = sourcecode.cpp.cpp; path = MapLayer.cpp; sourceTree = "<group>"; };
		BCA747C91C0EB27000FB3F01 /* MapLoaderPrivate.cpp */ = {isa = PBXFileReference; fileEncoding = 4; lastKnownFileType = sourcecode.cpp.cpp; path = MapLoaderPrivate.cpp; sourceTree = "<group>"; };
		BCA747CA1C0EB27000FB3F01 /* MapLoaderPublic.cpp */ = {isa = PBXFileReference; fileEncoding = 4; lastKnownFileType = sourcecode.cpp.cpp; path = MapLoaderPublic.cpp; sourceTree = "<group>"; };
		BCA747CB1C0EB27000FB3F01 /* MapObject.cpp */ = {isa = PBXFileReference; fileEncoding = 4; lastKnownFileType = sourcecode.cpp.cpp; path = MapObject.cpp; sourceTree = "<group>"; };
		BCA747CD1C0EB27000FB3F01 /* pugixml.cpp */ = {isa = PBXFileReference; fileEncoding = 4; lastKnownFileType = sourcecode.cpp.cpp; path = pugixml.cpp; sourceTree = "<group>"; };
		BCA747CE1C0EB27000FB3F01 /* QuadTreeNode.cpp */ = {isa = PBXFileReference; fileEncoding = 4; lastKnownFileType = sourcecode.cpp.cpp; path = QuadTreeNode.cpp; sourceTree = "<group>"; };
		BCA747D11C0EB27000FB3F01 /* select_blip.wav */ = {isa = PBXFileReference; lastKnownFileType = audio.wav; path = select_blip.wav; sourceTree = "<group>"; };
		BCA747D21C0EB27000FB3F01 /* test.ogg */ = {isa = PBXFileReference; lastKnownFileType = file; path = test.ogg; sourceTree = "<group>"; };
		BCA747D31C0EB27000FB3F01 /* test_sound.wav */ = {isa = PBXFileReference; lastKnownFileType = audio.wav; path = test_sound.wav; sourceTree = "<group>"; };
		BCA747D41C0EB27000FB3F01 /* text_blip.wav */ = {isa = PBXFileReference; lastKnownFileType = audio.wav; path = text_blip.wav; sourceTree = "<group>"; };
		BCA747D51C0EB27000FB3F01 /* text_blip2.wav */ = {isa = PBXFileReference; lastKnownFileType = audio.wav; path = text_blip2.wav; sourceTree = "<group>"; };
		BCA747D61C0EB27000FB3F01 /* text_blip3.wav */ = {isa = PBXFileReference; lastKnownFileType = audio.wav; path = text_blip3.wav; sourceTree = "<group>"; };
		BCA747D71C0EB27000FB3F01 /* directionLightTexture.png */ = {isa = PBXFileReference; lastKnownFileType = image.png; path = directionLightTexture.png; sourceTree = "<group>"; };
		BCA747D91C0EB27000FB3F01 /* Vera.ttf */ = {isa = PBXFileReference; lastKnownFileType = file; path = Vera.ttf; sourceTree = "<group>"; };
		BCA747DA1C0EB27000FB3F01 /* lightOverShapeShader.frag */ = {isa = PBXFileReference; fileEncoding = 4; lastKnownFileType = sourcecode.glsl; path = lightOverShapeShader.frag; sourceTree = "<group>"; };
		BCA747DB1C0EB27000FB3F01 /* lightOverShapeShader.vert */ = {isa = PBXFileReference; fileEncoding = 4; lastKnownFileType = sourcecode.glsl; path = lightOverShapeShader.vert; sourceTree = "<group>"; };
		BCA747DD1C0EB27000FB3F01 /* 64_forest_tileset.png */ = {isa = PBXFileReference; lastKnownFileType = image.png; path = 64_forest_tileset.png; sourceTree = "<group>"; };
		BCA747DE1C0EB27000FB3F01 /* start.tmx */ = {isa = PBXFileReference; fileEncoding = 4; lastKnownFileType = text.xml; path = start.tmx; sourceTree = "<group>"; };
		BCA747DF1C0EB27000FB3F01 /* penumbraTexture.png */ = {isa = PBXFileReference; lastKnownFileType = image.png; path = penumbraTexture.png; sourceTree = "<group>"; };
		BCA747E01C0EB27000FB3F01 /* pointLightTexture.png */ = {isa = PBXFileReference; lastKnownFileType = image.png; path = pointLightTexture.png; sourceTree = "<group>"; };
		BCA747E21C0EB27000FB3F01 /* scenes.txt */ = {isa = PBXFileReference; fileEncoding = 4; lastKnownFileType = text; path = scenes.txt; sourceTree = "<group>"; };
		BCA747E31C0EB27000FB3F01 /* temp.txt */ = {isa = PBXFileReference; fileEncoding = 4; lastKnownFileType = text; path = temp.txt; sourceTree = "<group>"; };
		BCA747E51C0EB27000FB3F01 /* book.png */ = {isa = PBXFileReference; lastKnownFileType = image.png; path = book.png; sourceTree = "<group>"; };
		BCA747E61C0EB27000FB3F01 /* cursor.png */ = {isa = PBXFileReference; lastKnownFileType = image.png; path = cursor.png; sourceTree = "<group>"; };
		BCA747E71C0EB27000FB3F01 /* face_luke.png */ = {isa = PBXFileReference; lastKnownFileType = image.png; path = face_luke.png; sourceTree = "<group>"; };
		BCA747E81C0EB27000FB3F01 /* face_resdin.png */ = {isa = PBXFileReference; lastKnownFileType = image.png; path = face_resdin.png; sourceTree = "<group>"; };
		BCA747E91C0EB27000FB3F01 /* face_temp.png */ = {isa = PBXFileReference; lastKnownFileType = image.png; path = face_temp.png; sourceTree = "<group>"; };
		BCA747EA1C0EB27000FB3F01 /* face_warren.png */ = {isa = PBXFileReference; lastKnownFileType = image.png; path = face_warren.png; sourceTree = "<group>"; };
		BCA747EB1C0EB27000FB3F01 /* house1.png */ = {isa = PBXFileReference; lastKnownFileType = image.png; path = house1.png; sourceTree = "<group>"; };
		BCA747EC1C0EB27000FB3F01 /* LustrousLegacyLogo.png */ = {isa = PBXFileReference; lastKnownFileType = image.png; path = LustrousLegacyLogo.png; sourceTree = "<group>"; };
		BCA747ED1C0EB27000FB3F01 /* playerSprite.png */ = {isa = PBXFileReference; lastKnownFileType = image.png; path = playerSprite.png; sourceTree = "<group>"; };
		BCA747EE1C0EB27000FB3F01 /* sprite_luke.png */ = {isa = PBXFileReference; lastKnownFileType = image.png; path = sprite_luke.png; sourceTree = "<group>"; };
		BCA747EF1C0EB27000FB3F01 /* sprite_npc1.png */ = {isa = PBXFileReference; lastKnownFileType = image.png; path = sprite_npc1.png; sourceTree = "<group>"; };
		BCA747F01C0EB27000FB3F01 /* sprite_resdin.png */ = {isa = PBXFileReference; lastKnownFileType = image.png; path = sprite_resdin.png; sourceTree = "<group>"; };
		BCA747F11C0EB27000FB3F01 /* tempSprite.png */ = {isa = PBXFileReference; lastKnownFileType = image.png; path = tempSprite.png; sourceTree = "<group>"; };
		BCA747F21C0EB27000FB3F01 /* title.png */ = {isa = PBXFileReference; lastKnownFileType = image.png; path = title.png; sourceTree = "<group>"; };
		BCA747F31C0EB27000FB3F01 /* warren_house.png */ = {isa = PBXFileReference; lastKnownFileType = image.png; path = warren_house.png; sourceTree = "<group>"; };
		BCA747F41C0EB27000FB3F01 /* unshadowShader.frag */ = {isa = PBXFileReference; fileEncoding = 4; lastKnownFileType = sourcecode.glsl; path = unshadowShader.frag; sourceTree = "<group>"; };
		BCA747F51C0EB27000FB3F01 /* unshadowShader.vert */ = {isa = PBXFileReference; fileEncoding = 4; lastKnownFileType = sourcecode.glsl; path = unshadowShader.vert; sourceTree = "<group>"; };
		BCA748331C0EB28800FB3F01 /* libz.dylib */ = {isa = PBXFileReference; lastKnownFileType = "compiled.mach-o.dylib"; name = libz.dylib; path = usr/lib/libz.dylib; sourceTree = SDKROOT; };
		BCA748351C0EC90300FB3F01 /* Math.cpp */ = {isa = PBXFileReference; fileEncoding = 4; lastKnownFileType = sourcecode.cpp.cpp; name = Math.cpp; path = LustrousLegacy/source/ltbl/Math.cpp; sourceTree = SOURCE_ROOT; };
/* End PBXFileReference section */

/* Begin PBXFrameworksBuildPhase section */
		BCA7477A1C0EB25700FB3F01 /* Frameworks */ = {
			isa = PBXFrameworksBuildPhase;
			buildActionMask = 2147483647;
			files = (
				BCA748341C0EB28800FB3F01 /* libz.dylib in Frameworks */,
			);
			runOnlyForDeploymentPostprocessing = 0;
		};
/* End PBXFrameworksBuildPhase section */

/* Begin PBXGroup section */
		BCA747741C0EB25700FB3F01 = {
			isa = PBXGroup;
			children = (
				BCA748331C0EB28800FB3F01 /* libz.dylib */,
				BCA747801C0EB25700FB3F01 /* LustrousLegacy */,
				BCA7477F1C0EB25700FB3F01 /* Products */,
			);
			sourceTree = "<group>";
		};
		BCA7477F1C0EB25700FB3F01 /* Products */ = {
			isa = PBXGroup;
			children = (
				BCA7477E1C0EB25700FB3F01 /* LustrousLegacy.app */,
			);
			name = Products;
			sourceTree = "<group>";
		};
		BCA747801C0EB25700FB3F01 /* LustrousLegacy */ = {
			isa = PBXGroup;
			children = (
				BCA747961C0EB27000FB3F01 /* source */,
				BCA747CF1C0EB27000FB3F01 /* resources */,
				BCA747811C0EB25700FB3F01 /* Supporting Files */,
			);
			path = LustrousLegacy;
			sourceTree = "<group>";
		};
		BCA747811C0EB25700FB3F01 /* Supporting Files */ = {
			isa = PBXGroup;
			children = (
				BCA747821C0EB25700FB3F01 /* LustrousLegacy-Info.plist */,
			);
			name = "Supporting Files";
			sourceTree = "<group>";
		};
		BCA747961C0EB27000FB3F01 /* source */ = {
			isa = PBXGroup;
			children = (
				BCA747971C0EB27000FB3F01 /* cursor.cpp */,
				BCA747981C0EB27000FB3F01 /* cursor.h */,
				BCA747991C0EB27000FB3F01 /* debug */,
				BCA7479C1C0EB27000FB3F01 /* Enums.h */,
				BCA7479D1C0EB27000FB3F01 /* Event.cpp */,
				BCA7479E1C0EB27000FB3F01 /* Event.h */,
				BCA7479F1C0EB27000FB3F01 /* fader.cpp */,
				BCA747A01C0EB27000FB3F01 /* fader.h */,
				BCA747A11C0EB27000FB3F01 /* ltbl */,
				BCA747B71C0EB27000FB3F01 /* main.cpp */,
				BCA747B81C0EB27000FB3F01 /* NPC.cpp */,
				BCA747B91C0EB27000FB3F01 /* NPC.h */,
				BCA747BA1C0EB27000FB3F01 /* pause.cpp */,
				BCA747BB1C0EB27000FB3F01 /* pause.h */,
				BCA747BC1C0EB27000FB3F01 /* player.cpp */,
				BCA747BD1C0EB27000FB3F01 /* player.h */,
				BCA747BE1C0EB27000FB3F01 /* SceneReader.cpp */,
				BCA747BF1C0EB27000FB3F01 /* SceneReader.h */,
				BCA747C01C0EB27000FB3F01 /* SceneUtility.cpp */,
				BCA747C11C0EB27000FB3F01 /* SceneUtility.h */,
				BCA747C21C0EB27000FB3F01 /* Textbox.cpp */,
				BCA747C31C0EB27000FB3F01 /* textbox.h */,
				BCA747C41C0EB27000FB3F01 /* title.cpp */,
				BCA747C51C0EB27000FB3F01 /* title.h */,
				BCA747C61C0EB27000FB3F01 /* TMXloader */,
			);
			path = source;
			sourceTree = "<group>";
		};
		BCA747991C0EB27000FB3F01 /* debug */ = {
			isa = PBXGroup;
			children = (
				BCA7479A1C0EB27000FB3F01 /* debug.cpp */,
				BCA7479B1C0EB27000FB3F01 /* debug.h */,
			);
			path = debug;
			sourceTree = "<group>";
		};
		BCA747A11C0EB27000FB3F01 /* ltbl */ = {
			isa = PBXGroup;
			children = (
				BCA748351C0EC90300FB3F01 /* Math.cpp */,
				BCA747A21C0EB27000FB3F01 /* lighting */,
				BCA747AC1C0EB27000FB3F01 /* quadtree */,
			);
			path = ltbl;
			sourceTree = "<group>";
		};
		BCA747A21C0EB27000FB3F01 /* lighting */ = {
			isa = PBXGroup;
			children = (
				BCA747A31C0EB27000FB3F01 /* LightDirectionEmission.cpp */,
				BCA747A41C0EB27000FB3F01 /* LightDirectionEmission.h */,
				BCA747A51C0EB27000FB3F01 /* LightPointEmission.cpp */,
				BCA747A61C0EB27000FB3F01 /* LightPointEmission.h */,
				BCA747A71C0EB27000FB3F01 /* LightShape.cpp */,
				BCA747A81C0EB27000FB3F01 /* LightShape.h */,
				BCA747A91C0EB27000FB3F01 /* LightSystem.cpp */,
				BCA747AA1C0EB27000FB3F01 /* LightSystem.h */,
			);
			path = lighting;
			sourceTree = "<group>";
		};
		BCA747AC1C0EB27000FB3F01 /* quadtree */ = {
			isa = PBXGroup;
			children = (
				BCA747AD1C0EB27000FB3F01 /* DynamicQuadtree.cpp */,
				BCA747AE1C0EB27000FB3F01 /* DynamicQuadtree.h */,
				BCA747AF1C0EB27000FB3F01 /* Quadtree.cpp */,
				BCA747B01C0EB27000FB3F01 /* Quadtree.h */,
				BCA747B11C0EB27000FB3F01 /* QuadtreeN.cpp */,
				BCA747B21C0EB27000FB3F01 /* QuadtreeNode.h */,
				BCA747B31C0EB27000FB3F01 /* QuadtreeOccupant.cpp */,
				BCA747B41C0EB27000FB3F01 /* QuadtreeOccupant.h */,
				BCA747B51C0EB27000FB3F01 /* StaticQuadtree.cpp */,
				BCA747B61C0EB27000FB3F01 /* StaticQuadtree.h */,
			);
			path = quadtree;
			sourceTree = "<group>";
		};
		BCA747C61C0EB27000FB3F01 /* TMXloader */ = {
			isa = PBXGroup;
			children = (
				BCA747C71C0EB27000FB3F01 /* DebugShape.cpp */,
				BCA747C81C0EB27000FB3F01 /* MapLayer.cpp */,
				BCA747C91C0EB27000FB3F01 /* MapLoaderPrivate.cpp */,
				BCA747CA1C0EB27000FB3F01 /* MapLoaderPublic.cpp */,
				BCA747CB1C0EB27000FB3F01 /* MapObject.cpp */,
				BCA747CC1C0EB27000FB3F01 /* pugixml */,
				BCA747CE1C0EB27000FB3F01 /* QuadTreeNode.cpp */,
			);
			path = TMXloader;
			sourceTree = "<group>";
		};
		BCA747CC1C0EB27000FB3F01 /* pugixml */ = {
			isa = PBXGroup;
			children = (
				BCA747CD1C0EB27000FB3F01 /* pugixml.cpp */,
			);
			path = pugixml;
			sourceTree = "<group>";
		};
		BCA747CF1C0EB27000FB3F01 /* resources */ = {
			isa = PBXGroup;
			children = (
				BCA747D01C0EB27000FB3F01 /* audio */,
				BCA747D71C0EB27000FB3F01 /* directionLightTexture.png */,
				BCA747D81C0EB27000FB3F01 /* font */,
				BCA747DA1C0EB27000FB3F01 /* lightOverShapeShader.frag */,
				BCA747DB1C0EB27000FB3F01 /* lightOverShapeShader.vert */,
				BCA747DC1C0EB27000FB3F01 /* maps */,
				BCA747DF1C0EB27000FB3F01 /* penumbraTexture.png */,
				BCA747E01C0EB27000FB3F01 /* pointLightTexture.png */,
				BCA747E11C0EB27000FB3F01 /* script */,
				BCA747E41C0EB27000FB3F01 /* textures */,
				BCA747F41C0EB27000FB3F01 /* unshadowShader.frag */,
				BCA747F51C0EB27000FB3F01 /* unshadowShader.vert */,
			);
			path = resources;
			sourceTree = "<group>";
		};
		BCA747D01C0EB27000FB3F01 /* audio */ = {
			isa = PBXGroup;
			children = (
				BCA747D11C0EB27000FB3F01 /* select_blip.wav */,
				BCA747D21C0EB27000FB3F01 /* test.ogg */,
				BCA747D31C0EB27000FB3F01 /* test_sound.wav */,
				BCA747D41C0EB27000FB3F01 /* text_blip.wav */,
				BCA747D51C0EB27000FB3F01 /* text_blip2.wav */,
				BCA747D61C0EB27000FB3F01 /* text_blip3.wav */,
			);
			path = audio;
			sourceTree = "<group>";
		};
		BCA747D81C0EB27000FB3F01 /* font */ = {
			isa = PBXGroup;
			children = (
				BCA747D91C0EB27000FB3F01 /* Vera.ttf */,
			);
			path = font;
			sourceTree = "<group>";
		};
		BCA747DC1C0EB27000FB3F01 /* maps */ = {
			isa = PBXGroup;
			children = (
				BCA747DD1C0EB27000FB3F01 /* 64_forest_tileset.png */,
				BCA747DE1C0EB27000FB3F01 /* start.tmx */,
			);
			path = maps;
			sourceTree = "<group>";
		};
		BCA747E11C0EB27000FB3F01 /* script */ = {
			isa = PBXGroup;
			children = (
				BCA747E21C0EB27000FB3F01 /* scenes.txt */,
				BCA747E31C0EB27000FB3F01 /* temp.txt */,
			);
			path = script;
			sourceTree = "<group>";
		};
		BCA747E41C0EB27000FB3F01 /* textures */ = {
			isa = PBXGroup;
			children = (
				BCA747E51C0EB27000FB3F01 /* book.png */,
				BCA747E61C0EB27000FB3F01 /* cursor.png */,
				BCA747E71C0EB27000FB3F01 /* face_luke.png */,
				BCA747E81C0EB27000FB3F01 /* face_resdin.png */,
				BCA747E91C0EB27000FB3F01 /* face_temp.png */,
				BCA747EA1C0EB27000FB3F01 /* face_warren.png */,
				BCA747EB1C0EB27000FB3F01 /* house1.png */,
				BCA747EC1C0EB27000FB3F01 /* LustrousLegacyLogo.png */,
				BCA747ED1C0EB27000FB3F01 /* playerSprite.png */,
				BCA747EE1C0EB27000FB3F01 /* sprite_luke.png */,
				BCA747EF1C0EB27000FB3F01 /* sprite_npc1.png */,
				BCA747F01C0EB27000FB3F01 /* sprite_resdin.png */,
				BCA747F11C0EB27000FB3F01 /* tempSprite.png */,
				BCA747F21C0EB27000FB3F01 /* title.png */,
				BCA747F31C0EB27000FB3F01 /* warren_house.png */,
			);
			path = textures;
			sourceTree = "<group>";
		};
/* End PBXGroup section */

/* Begin PBXNativeTarget section */
		BCA7477D1C0EB25700FB3F01 /* LustrousLegacy */ = {
			isa = PBXNativeTarget;
			buildConfigurationList = BCA747931C0EB25700FB3F01 /* Build configuration list for PBXNativeTarget "LustrousLegacy" */;
			buildPhases = (
				BCA747791C0EB25700FB3F01 /* Sources */,
				BCA7477A1C0EB25700FB3F01 /* Frameworks */,
				BCA7477B1C0EB25700FB3F01 /* Resources */,
				BCA7477C1C0EB25700FB3F01 /* ShellScript */,
			);
			buildRules = (
			);
			dependencies = (
			);
			name = LustrousLegacy;
			productName = LustrousLegacy;
			productReference = BCA7477E1C0EB25700FB3F01 /* LustrousLegacy.app */;
			productType = "com.apple.product-type.application";
		};
/* End PBXNativeTarget section */

/* Begin PBXProject section */
		BCA747751C0EB25700FB3F01 /* Project object */ = {
			isa = PBXProject;
			attributes = {
				LastUpgradeCheck = 0620;
				ORGANIZATIONNAME = "Audrey Lai";
				TargetAttributes = {
					BCA7477D1C0EB25700FB3F01 = {
						CreatedOnToolsVersion = 6.2;
					};
				};
			};
			buildConfigurationList = BCA747781C0EB25700FB3F01 /* Build configuration list for PBXProject "LustrousLegacy" */;
			compatibilityVersion = "Xcode 3.2";
			developmentRegion = English;
			hasScannedForEncodings = 0;
			knownRegions = (
				en,
			);
			mainGroup = BCA747741C0EB25700FB3F01;
			productRefGroup = BCA7477F1C0EB25700FB3F01 /* Products */;
			projectDirPath = "";
			projectRoot = "";
			targets = (
				BCA7477D1C0EB25700FB3F01 /* LustrousLegacy */,
			);
		};
/* End PBXProject section */

/* Begin PBXResourcesBuildPhase section */
		BCA7477B1C0EB25700FB3F01 /* Resources */ = {
			isa = PBXResourcesBuildPhase;
			buildActionMask = 2147483647;
			files = (
				BCA748261C0EB27000FB3F01 /* face_temp.png in Resources */,
				BCA748311C0EB27000FB3F01 /* unshadowShader.frag in Resources */,
				BCA748151C0EB27000FB3F01 /* text_blip.wav in Resources */,
				BCA7481C1C0EB27000FB3F01 /* 64_forest_tileset.png in Resources */,
				BCA7482D1C0EB27000FB3F01 /* sprite_resdin.png in Resources */,
				BCA748271C0EB27000FB3F01 /* face_warren.png in Resources */,
				BCA748201C0EB27000FB3F01 /* scenes.txt in Resources */,
				BCA748121C0EB27000FB3F01 /* select_blip.wav in Resources */,
				BCA748191C0EB27000FB3F01 /* Vera.ttf in Resources */,
				BCA748301C0EB27000FB3F01 /* warren_house.png in Resources */,
				BCA748221C0EB27000FB3F01 /* book.png in Resources */,
				BCA748141C0EB27000FB3F01 /* test_sound.wav in Resources */,
				BCA748321C0EB27000FB3F01 /* unshadowShader.vert in Resources */,
				BCA748161C0EB27000FB3F01 /* text_blip2.wav in Resources */,
				BCA7482E1C0EB27000FB3F01 /* tempSprite.png in Resources */,
				BCA748171C0EB27000FB3F01 /* text_blip3.wav in Resources */,
				BCA7481F1C0EB27000FB3F01 /* pointLightTexture.png in Resources */,
				BCA7482F1C0EB27000FB3F01 /* title.png in Resources */,
				BCA748181C0EB27000FB3F01 /* directionLightTexture.png in Resources */,
				BCA7482A1C0EB27000FB3F01 /* playerSprite.png in Resources */,
				BCA7481A1C0EB27000FB3F01 /* lightOverShapeShader.frag in Resources */,
				BCA7481B1C0EB27000FB3F01 /* lightOverShapeShader.vert in Resources */,
				BCA748241C0EB27000FB3F01 /* face_luke.png in Resources */,
				BCA7482C1C0EB27000FB3F01 /* sprite_npc1.png in Resources */,
				BCA748291C0EB27000FB3F01 /* LustrousLegacyLogo.png in Resources */,
				BCA748281C0EB27000FB3F01 /* house1.png in Resources */,
				BCA7482B1C0EB27000FB3F01 /* sprite_luke.png in Resources */,
				BCA748231C0EB27000FB3F01 /* cursor.png in Resources */,
				BCA748211C0EB27000FB3F01 /* temp.txt in Resources */,
				BCA7481D1C0EB27000FB3F01 /* start.tmx in Resources */,
				BCA748251C0EB27000FB3F01 /* face_resdin.png in Resources */,
				BCA7481E1C0EB27000FB3F01 /* penumbraTexture.png in Resources */,
				BCA748131C0EB27000FB3F01 /* test.ogg in Resources */,
			);
			runOnlyForDeploymentPostprocessing = 0;
		};
/* End PBXResourcesBuildPhase section */

/* Begin PBXShellScriptBuildPhase section */
		BCA7477C1C0EB25700FB3F01 /* ShellScript */ = {
			isa = PBXShellScriptBuildPhase;
			buildActionMask = 2147483647;
			files = (
			);
			inputPaths = (
			);
			outputPaths = (
			);
			runOnlyForDeploymentPostprocessing = 0;
			shellPath = /bin/sh;
			shellScript = "# This shell script simply copies required SFML dylibs/frameworks into the application bundle frameworks folder.\n# If you're using static libraries (which is not recommended) you should remove this script from your project.\n\n# SETTINGS\nCMAKE_INSTALL_FRAMEWORK_PREFIX=\"/Library/Frameworks\"\nCMAKE_INSTALL_LIB_PREFIX=\"/usr/local/lib\"\nFRAMEWORKS_FULL_PATH=\"$BUILT_PRODUCTS_DIR/$FRAMEWORKS_FOLDER_PATH/\"\n\n# Are we building a project that uses frameworks or dylibs?\ncase \"$SFML_BINARY_TYPE\" in\n    DYLIBS)\n        frameworks=\"false\"\n        ;;\n    *)\n        frameworks=\"true\"\n        ;;\nesac\n\n# Echoes to stderr\nerror () # $* message to display\n{\n    echo $* 1>&2\n    exit 2\n}\n\nassert () # $1 is a boolean, $2...N is an error message\n{\n    if [ $# -lt 2 ]\n    then\n        error \"Internal error in assert: not enough args\"\n    fi\n\n    if [ $1 -ne 0 ]\n    then\n        shift\n        error \"$*\"\n    fi\n}\n\nforce_remove () # $@ is some paths\n{\n    test $# -ge 1\n    assert $? \"force_remove() requires at least one parameter\"\n    rm -fr $@\n    assert $? \"couldn't remove $@\"\n}\n\ncopy () # $1 is a source, $2 is a destination\n{\n    test $# -eq 2\n    assert $? \"copy() requires two parameters\"\n    ditto \"$1\" \"$2\"\n    assert $? \"couldn't copy $1 to $2\"\n}\n\nrequire () # $1 is a SFML module like 'system' or 'audio'\n{\n    dest=\"$BUILT_PRODUCTS_DIR/$FRAMEWORKS_FOLDER_PATH/\"\n\n    if [ -z \"$1\" ]\n    then\n        error \"require() requires one parameter!\"\n    else\n        # clean potentially old stuff\n        force_remove \"$dest/libsfml-$1\"*\n        force_remove \"$dest/sfml-$1.framework\"\n\n        # copy SFML libraries\n        if [ \"$frameworks\" = \"true\" ]\n        then\n            source=\"$CMAKE_INSTALL_FRAMEWORK_PREFIX/sfml-$1.framework\"\n            target=\"sfml-$1.framework\"\n        elif [ \"$SFML_LINK_DYLIBS_SUFFIX\" = \"-d\" ]\n        then\n            source=\"$CMAKE_INSTALL_LIB_PREFIX/libsfml-$1-d.dylib\"\n            target=\"`readlink $source`\"\n        else\n            source=\"$CMAKE_INSTALL_LIB_PREFIX/libsfml-$1.dylib\"\n            target=\"`readlink $source`\"\n        fi\n\n        copy \"$source\" \"$dest/$target\"\n\n        # copy extra dependencies\n        if [ \"$1\" = \"audio\" ]\n        then\n            # copy \"FLAC\" \"ogg\" \"vorbis\" \"vorbisenc\" \"vorbisfile\" \"OpenAL\" frameworks too\n            for f in \"FLAC\" \"ogg\" \"vorbis\" \"vorbisenc\" \"vorbisfile\" \"OpenAL\"\n            do\n                copy \"$CMAKE_INSTALL_FRAMEWORK_PREFIX/$f.framework\" \"$dest/$f.framework\"\n            done\n        elif [ \"$1\" = \"graphics\" ]\n        then\n            copy \"$CMAKE_INSTALL_FRAMEWORK_PREFIX/freetype.framework\" \"$dest/freetype.framework\"\n        fi\n    fi\n}\n\nif [ -n \"$SFML_SYSTEM\" ]\nthen\n    require \"system\"\nfi\n\nif [ -n \"$SFML_AUDIO\" ]\nthen\n    require \"audio\"\nfi\n\nif [ -n \"$SFML_NETWORK\" ]\nthen\n    require \"network\"\nfi\n\nif [ -n \"$SFML_WINDOW\" ]\nthen\n    require \"window\"\nfi\n\nif [ -n \"$SFML_GRAPHICS\" ]\nthen\n    require \"graphics\"\nfi\n\n                ";
		};
/* End PBXShellScriptBuildPhase section */

/* Begin PBXSourcesBuildPhase section */
		BCA747791C0EB25700FB3F01 /* Sources */ = {
			isa = PBXSourcesBuildPhase;
			buildActionMask = 2147483647;
			files = (
				BCA748081C0EB27000FB3F01 /* SceneUtility.cpp in Sources */,
				BCA7480C1C0EB27000FB3F01 /* MapLayer.cpp in Sources */,
				BCA7480E1C0EB27000FB3F01 /* MapLoaderPublic.cpp in Sources */,
				BCA748001C0EB27000FB3F01 /* QuadtreeN.cpp in Sources */,
				BCA748061C0EB27000FB3F01 /* player.cpp in Sources */,
				BCA7480F1C0EB27000FB3F01 /* MapObject.cpp in Sources */,
				BCA748111C0EB27000FB3F01 /* QuadTreeNode.cpp in Sources */,
				BCA748011C0EB27000FB3F01 /* QuadtreeOccupant.cpp in Sources */,
				BCA7480D1C0EB27000FB3F01 /* MapLoaderPrivate.cpp in Sources */,
				BCA748071C0EB27000FB3F01 /* SceneReader.cpp in Sources */,
				BCA747F91C0EB27000FB3F01 /* fader.cpp in Sources */,
				BCA747F81C0EB27000FB3F01 /* Event.cpp in Sources */,
				BCA748031C0EB27000FB3F01 /* main.cpp in Sources */,
				BCA747FF1C0EB27000FB3F01 /* Quadtree.cpp in Sources */,
				BCA7480B1C0EB27000FB3F01 /* DebugShape.cpp in Sources */,
				BCA748041C0EB27000FB3F01 /* NPC.cpp in Sources */,
				BCA747FB1C0EB27000FB3F01 /* LightPointEmission.cpp in Sources */,
				BCA748051C0EB27000FB3F01 /* pause.cpp in Sources */,
				BCA747FE1C0EB27000FB3F01 /* DynamicQuadtree.cpp in Sources */,
				BCA747F61C0EB27000FB3F01 /* cursor.cpp in Sources */,
				BCA747FA1C0EB27000FB3F01 /* LightDirectionEmission.cpp in Sources */,
				BCA747FD1C0EB27000FB3F01 /* LightSystem.cpp in Sources */,
				BCA747FC1C0EB27000FB3F01 /* LightShape.cpp in Sources */,
				BCA747F71C0EB27000FB3F01 /* debug.cpp in Sources */,
				BCA748091C0EB27000FB3F01 /* Textbox.cpp in Sources */,
				BCA748101C0EB27000FB3F01 /* pugixml.cpp in Sources */,
				BCA748021C0EB27000FB3F01 /* StaticQuadtree.cpp in Sources */,
				BCA7480A1C0EB27000FB3F01 /* title.cpp in Sources */,
				BCA748361C0EC90300FB3F01 /* Math.cpp in Sources */,
			);
			runOnlyForDeploymentPostprocessing = 0;
		};
/* End PBXSourcesBuildPhase section */

/* Begin XCBuildConfiguration section */
		BCA747911C0EB25700FB3F01 /* Debug */ = {
			isa = XCBuildConfiguration;
			buildSettings = {
				ARCHS = (
					i386,
					x86_64,
				);
				CLANG_CXX_LANGUAGE_STANDARD = "c++0x";
				CLANG_CXX_LIBRARY = "libc++";
				FRAMEWORK_SEARCH_PATHS = (
					/Library/Frameworks/,
					"$(inherited)",
				);
				GCC_VERSION = com.apple.compilers.llvm.clang.1_0;
				HEADER_SEARCH_PATHS = (
					/usr/local/include/,
					"$(inherited)",
				);
				LIBRARY_SEARCH_PATHS = (
					/usr/local/lib/,
					"$(inherited)",
				);
				MACOSX_DEPLOYMENT_TARGET = 10.7;
				OTHER_LDFLAGS = (
					"$(inherited)",
					"$(SFML_SYSTEM)",
					"$(SFML_WINDOW)",
					"$(SFML_GRAPHICS)",
					"$(SFML_AUDIO)",
					"$(SFML_NETWORK)",
				);
				SFML_AUDIO = "$(SFML_LINK_PREFIX) sfml-audio$(SFML_LINK_SUFFIX)";
				SFML_BINARY_TYPE = FRAMEWORKS;
				SFML_GRAPHICS = "$(SFML_LINK_PREFIX) sfml-graphics$(SFML_LINK_SUFFIX)";
				SFML_LINK_DYLIBS_PREFIX = "-l";
				SFML_LINK_DYLIBS_SUFFIX = "";
				SFML_LINK_FRAMEWORKS_PREFIX = "-framework";
				SFML_LINK_FRAMEWORKS_SUFFIX = "";
				SFML_LINK_PREFIX = "$(SFML_LINK_$(SFML_BINARY_TYPE)_PREFIX)";
				SFML_LINK_SUFFIX = "$(SFML_LINK_$(SFML_BINARY_TYPE)_SUFFIX)";
				SFML_NETWORK = "$(SFML_LINK_PREFIX) sfml-network$(SFML_LINK_SUFFIX)";
				SFML_SYSTEM = "$(SFML_LINK_PREFIX) sfml-system$(SFML_LINK_SUFFIX)";
				SFML_WINDOW = "$(SFML_LINK_PREFIX) sfml-window$(SFML_LINK_SUFFIX)";
				SUPPORTED_PLATFORMS = macosx;
				USER_HEADER_SEARCH_PATHS = "/Users/audreylai/Desktop/sfml-tmxloader-master/include /usr/include";
			};
			name = Debug;
		};
		BCA747921C0EB25700FB3F01 /* Release */ = {
			isa = XCBuildConfiguration;
			buildSettings = {
				ARCHS = (
					i386,
					x86_64,
				);
				CLANG_CXX_LANGUAGE_STANDARD = "c++0x";
				CLANG_CXX_LIBRARY = "libc++";
				FRAMEWORK_SEARCH_PATHS = (
					/Library/Frameworks/,
					"$(inherited)",
				);
				GCC_VERSION = com.apple.compilers.llvm.clang.1_0;
				HEADER_SEARCH_PATHS = (
					/usr/local/include/,
					"$(inherited)",
				);
				LIBRARY_SEARCH_PATHS = (
					/usr/local/lib/,
					"$(inherited)",
				);
				MACOSX_DEPLOYMENT_TARGET = 10.7;
				OTHER_LDFLAGS = (
					"$(inherited)",
					"$(SFML_SYSTEM)",
					"$(SFML_WINDOW)",
					"$(SFML_GRAPHICS)",
					"$(SFML_AUDIO)",
					"$(SFML_NETWORK)",
				);
				SFML_AUDIO = "$(SFML_LINK_PREFIX) sfml-audio$(SFML_LINK_SUFFIX)";
				SFML_BINARY_TYPE = FRAMEWORKS;
				SFML_GRAPHICS = "$(SFML_LINK_PREFIX) sfml-graphics$(SFML_LINK_SUFFIX)";
				SFML_LINK_DYLIBS_PREFIX = "-l";
				SFML_LINK_DYLIBS_SUFFIX = "";
				SFML_LINK_FRAMEWORKS_PREFIX = "-framework";
				SFML_LINK_FRAMEWORKS_SUFFIX = "";
				SFML_LINK_PREFIX = "$(SFML_LINK_$(SFML_BINARY_TYPE)_PREFIX)";
				SFML_LINK_SUFFIX = "$(SFML_LINK_$(SFML_BINARY_TYPE)_SUFFIX)";
				SFML_NETWORK = "$(SFML_LINK_PREFIX) sfml-network$(SFML_LINK_SUFFIX)";
				SFML_SYSTEM = "$(SFML_LINK_PREFIX) sfml-system$(SFML_LINK_SUFFIX)";
				SFML_WINDOW = "$(SFML_LINK_PREFIX) sfml-window$(SFML_LINK_SUFFIX)";
				SUPPORTED_PLATFORMS = macosx;
				USER_HEADER_SEARCH_PATHS = "/Users/audreylai/Desktop/sfml-tmxloader-master/include /usr/include";
			};
			name = Release;
		};
		BCA747941C0EB25700FB3F01 /* Debug */ = {
			isa = XCBuildConfiguration;
			buildSettings = {
				INFOPLIST_FILE = "LustrousLegacy/LustrousLegacy-Info.plist";
				LD_RUNPATH_SEARCH_PATHS = "@loader_path/../Frameworks";
				PRODUCT_NAME = "$(TARGET_NAME)";
			};
			name = Debug;
		};
		BCA747951C0EB25700FB3F01 /* Release */ = {
			isa = XCBuildConfiguration;
			buildSettings = {
				INFOPLIST_FILE = "LustrousLegacy/LustrousLegacy-Info.plist";
				LD_RUNPATH_SEARCH_PATHS = "@loader_path/../Frameworks";
				PRODUCT_NAME = "$(TARGET_NAME)";
			};
			name = Release;
		};
/* End XCBuildConfiguration section */

/* Begin XCConfigurationList section */
		BCA747781C0EB25700FB3F01 /* Build configuration list for PBXProject "LustrousLegacy" */ = {
			isa = XCConfigurationList;
			buildConfigurations = (
				BCA747911C0EB25700FB3F01 /* Debug */,
				BCA747921C0EB25700FB3F01 /* Release */,
			);
			defaultConfigurationIsVisible = 0;
			defaultConfigurationName = Release;
		};
		BCA747931C0EB25700FB3F01 /* Build configuration list for PBXNativeTarget "LustrousLegacy" */ = {
			isa = XCConfigurationList;
			buildConfigurations = (
				BCA747941C0EB25700FB3F01 /* Debug */,
				BCA747951C0EB25700FB3F01 /* Release */,
			);
			defaultConfigurationIsVisible = 0;
			defaultConfigurationName = Release;
		};
/* End XCConfigurationList section */
	};
	rootObject = BCA747751C0EB25700FB3F01 /* Project object */;
}
