// !$*UTF8*$!
{
	archiveVersion = 1;
	classes = {
	};
	objectVersion = 46;
	objects = {

/* Begin PBXBuildFile section */
		BC0279761BE4FD3B00719D03 /* Enums.h in Headers */ = {isa = PBXBuildFile; fileRef = BC0279711BE4FD3B00719D03 /* Enums.h */; };
		BC027A241BE55C8C00719D03 /* DebugShape.cpp in Sources */ = {isa = PBXBuildFile; fileRef = BC027A0F1BE55C8C00719D03 /* DebugShape.cpp */; };
		BC027A251BE55C8C00719D03 /* MapLayer.cpp in Sources */ = {isa = PBXBuildFile; fileRef = BC027A101BE55C8C00719D03 /* MapLayer.cpp */; };
		BC027A261BE55C8C00719D03 /* MapLoaderPrivate.cpp in Sources */ = {isa = PBXBuildFile; fileRef = BC027A111BE55C8C00719D03 /* MapLoaderPrivate.cpp */; };
		BC027A271BE55C8C00719D03 /* MapLoaderPublic.cpp in Sources */ = {isa = PBXBuildFile; fileRef = BC027A121BE55C8C00719D03 /* MapLoaderPublic.cpp */; };
		BC027A281BE55C8C00719D03 /* MapObject.cpp in Sources */ = {isa = PBXBuildFile; fileRef = BC027A131BE55C8C00719D03 /* MapObject.cpp */; };
		BC027A291BE55C8C00719D03 /* pugixml.cpp in Sources */ = {isa = PBXBuildFile; fileRef = BC027A151BE55C8C00719D03 /* pugixml.cpp */; };
		BC027A2A1BE55C8C00719D03 /* QuadTreeNode.cpp in Sources */ = {isa = PBXBuildFile; fileRef = BC027A161BE55C8C00719D03 /* QuadTreeNode.cpp */; };
		BC027A2C1BE55C8C00719D03 /* DebugShape.h in Headers */ = {isa = PBXBuildFile; fileRef = BC027A191BE55C8C00719D03 /* DebugShape.h */; };
		BC027A2D1BE55C8C00719D03 /* Helpers.h in Headers */ = {isa = PBXBuildFile; fileRef = BC027A1A1BE55C8C00719D03 /* Helpers.h */; };
		BC027A2E1BE55C8C00719D03 /* Log.h in Headers */ = {isa = PBXBuildFile; fileRef = BC027A1B1BE55C8C00719D03 /* Log.h */; };
		BC027A2F1BE55C8C00719D03 /* MapLayer.h in Headers */ = {isa = PBXBuildFile; fileRef = BC027A1C1BE55C8C00719D03 /* MapLayer.h */; };
		BC027A301BE55C8C00719D03 /* MapLoader.h in Headers */ = {isa = PBXBuildFile; fileRef = BC027A1D1BE55C8C00719D03 /* MapLoader.h */; };
		BC027A311BE55C8C00719D03 /* MapObject.h in Headers */ = {isa = PBXBuildFile; fileRef = BC027A1E1BE55C8C00719D03 /* MapObject.h */; };
		BC027A321BE55C8C00719D03 /* QuadTreeNode.h in Headers */ = {isa = PBXBuildFile; fileRef = BC027A1F1BE55C8C00719D03 /* QuadTreeNode.h */; };
		BC027A341BE55C8C00719D03 /* pugiconfig.hpp in Headers */ = {isa = PBXBuildFile; fileRef = BC027A221BE55C8C00719D03 /* pugiconfig.hpp */; };
		BC027A351BE55C8C00719D03 /* pugixml.hpp in Headers */ = {isa = PBXBuildFile; fileRef = BC027A231BE55C8C00719D03 /* pugixml.hpp */; };
		BC027A3C1BE55F3100719D03 /* 64x64_sampletile.png in Resources */ = {isa = PBXBuildFile; fileRef = BC027A361BE55F3100719D03 /* 64x64_sampletile.png */; };
		BC027A3D1BE55F3100719D03 /* pause.png in Resources */ = {isa = PBXBuildFile; fileRef = BC027A371BE55F3100719D03 /* pause.png */; };
		BC027A3E1BE55F3100719D03 /* test.ogg in Resources */ = {isa = PBXBuildFile; fileRef = BC027A381BE55F3100719D03 /* test.ogg */; };
		BC027A3F1BE55F3100719D03 /* Vera.ttf in Resources */ = {isa = PBXBuildFile; fileRef = BC027A391BE55F3100719D03 /* Vera.ttf */; };
		BC027A401BE55F3100719D03 /* Eevee.png in Resources */ = {isa = PBXBuildFile; fileRef = BC027A3A1BE55F3100719D03 /* Eevee.png */; };
		BC027A411BE55F3100719D03 /* playerSprite.png in Resources */ = {isa = PBXBuildFile; fileRef = BC027A3B1BE55F3100719D03 /* playerSprite.png */; };
		BC7D9CB11BDF20880065F7C5 /* libz.dylib in Frameworks */ = {isa = PBXBuildFile; fileRef = BC7D9CB01BDF20880065F7C5 /* libz.dylib */; };
		BC9D61BD1BD61D0D00B8DE1D /* animated_player.cpp in Sources */ = {isa = PBXBuildFile; fileRef = BC9D61BB1BD61D0D00B8DE1D /* animated_player.cpp */; };
		BC9D61BF1BD7495A00B8DE1D /* main_animated.cpp in Sources */ = {isa = PBXBuildFile; fileRef = BC9D61BE1BD7495A00B8DE1D /* main_animated.cpp */; };
/* End PBXBuildFile section */

/* Begin PBXCopyFilesBuildPhase section */
		BC0279DD1BE556B600719D03 /* CopyFiles */ = {
			isa = PBXCopyFilesBuildPhase;
			buildActionMask = 2147483647;
			dstPath = tmx;
			dstSubfolderSpec = 7;
			files = (
			);
			runOnlyForDeploymentPostprocessing = 0;
		};
/* End PBXCopyFilesBuildPhase section */

/* Begin PBXFileReference section */
		BC0279711BE4FD3B00719D03 /* Enums.h */ = {isa = PBXFileReference; fileEncoding = 4; lastKnownFileType = sourcecode.c.h; name = Enums.h; path = RPG_Town/Enums.h; sourceTree = SOURCE_ROOT; };
		BC027A0F1BE55C8C00719D03 /* DebugShape.cpp */ = {isa = PBXFileReference; fileEncoding = 4; lastKnownFileType = sourcecode.cpp.cpp; path = DebugShape.cpp; sourceTree = "<group>"; };
		BC027A101BE55C8C00719D03 /* MapLayer.cpp */ = {isa = PBXFileReference; fileEncoding = 4; lastKnownFileType = sourcecode.cpp.cpp; path = MapLayer.cpp; sourceTree = "<group>"; };
		BC027A111BE55C8C00719D03 /* MapLoaderPrivate.cpp */ = {isa = PBXFileReference; fileEncoding = 4; lastKnownFileType = sourcecode.cpp.cpp; path = MapLoaderPrivate.cpp; sourceTree = "<group>"; };
		BC027A121BE55C8C00719D03 /* MapLoaderPublic.cpp */ = {isa = PBXFileReference; fileEncoding = 4; lastKnownFileType = sourcecode.cpp.cpp; path = MapLoaderPublic.cpp; sourceTree = "<group>"; };
		BC027A131BE55C8C00719D03 /* MapObject.cpp */ = {isa = PBXFileReference; fileEncoding = 4; lastKnownFileType = sourcecode.cpp.cpp; path = MapObject.cpp; sourceTree = "<group>"; };
		BC027A151BE55C8C00719D03 /* pugixml.cpp */ = {isa = PBXFileReference; fileEncoding = 4; lastKnownFileType = sourcecode.cpp.cpp; path = pugixml.cpp; sourceTree = "<group>"; };
		BC027A161BE55C8C00719D03 /* QuadTreeNode.cpp */ = {isa = PBXFileReference; fileEncoding = 4; lastKnownFileType = sourcecode.cpp.cpp; path = QuadTreeNode.cpp; sourceTree = "<group>"; };
		BC027A191BE55C8C00719D03 /* DebugShape.h */ = {isa = PBXFileReference; fileEncoding = 4; lastKnownFileType = sourcecode.c.h; path = DebugShape.h; sourceTree = "<group>"; };
		BC027A1A1BE55C8C00719D03 /* Helpers.h */ = {isa = PBXFileReference; fileEncoding = 4; lastKnownFileType = sourcecode.c.h; path = Helpers.h; sourceTree = "<group>"; };
		BC027A1B1BE55C8C00719D03 /* Log.h */ = {isa = PBXFileReference; fileEncoding = 4; lastKnownFileType = sourcecode.c.h; path = Log.h; sourceTree = "<group>"; };
		BC027A1C1BE55C8C00719D03 /* MapLayer.h */ = {isa = PBXFileReference; fileEncoding = 4; lastKnownFileType = sourcecode.c.h; path = MapLayer.h; sourceTree = "<group>"; };
		BC027A1D1BE55C8C00719D03 /* MapLoader.h */ = {isa = PBXFileReference; fileEncoding = 4; lastKnownFileType = sourcecode.c.h; path = MapLoader.h; sourceTree = "<group>"; };
		BC027A1E1BE55C8C00719D03 /* MapObject.h */ = {isa = PBXFileReference; fileEncoding = 4; lastKnownFileType = sourcecode.c.h; path = MapObject.h; sourceTree = "<group>"; };
		BC027A1F1BE55C8C00719D03 /* QuadTreeNode.h */ = {isa = PBXFileReference; fileEncoding = 4; lastKnownFileType = sourcecode.c.h; path = QuadTreeNode.h; sourceTree = "<group>"; };
		BC027A221BE55C8C00719D03 /* pugiconfig.hpp */ = {isa = PBXFileReference; fileEncoding = 4; lastKnownFileType = sourcecode.cpp.h; path = pugiconfig.hpp; sourceTree = "<group>"; };
		BC027A231BE55C8C00719D03 /* pugixml.hpp */ = {isa = PBXFileReference; fileEncoding = 4; lastKnownFileType = sourcecode.cpp.h; path = pugixml.hpp; sourceTree = "<group>"; };
		BC027A361BE55F3100719D03 /* 64x64_sampletile.png */ = {isa = PBXFileReference; lastKnownFileType = image.png; path = 64x64_sampletile.png; sourceTree = "<group>"; };
		BC027A371BE55F3100719D03 /* pause.png */ = {isa = PBXFileReference; lastKnownFileType = image.png; path = pause.png; sourceTree = "<group>"; };
		BC027A381BE55F3100719D03 /* test.ogg */ = {isa = PBXFileReference; lastKnownFileType = file; path = test.ogg; sourceTree = "<group>"; };
		BC027A391BE55F3100719D03 /* Vera.ttf */ = {isa = PBXFileReference; lastKnownFileType = file; path = Vera.ttf; sourceTree = "<group>"; };
		BC027A3A1BE55F3100719D03 /* Eevee.png */ = {isa = PBXFileReference; lastKnownFileType = image.png; path = Eevee.png; sourceTree = "<group>"; };
		BC027A3B1BE55F3100719D03 /* playerSprite.png */ = {isa = PBXFileReference; lastKnownFileType = image.png; path = playerSprite.png; sourceTree = "<group>"; };
		BC7D9CB01BDF20880065F7C5 /* libz.dylib */ = {isa = PBXFileReference; lastKnownFileType = "compiled.mach-o.dylib"; name = libz.dylib; path = usr/lib/libz.dylib; sourceTree = SDKROOT; };
		BC9D619B1BD6140500B8DE1D /* RPG_Town.app */ = {isa = PBXFileReference; explicitFileType = wrapper.application; includeInIndex = 0; path = RPG_Town.app; sourceTree = BUILT_PRODUCTS_DIR; };
		BC9D619F1BD6140500B8DE1D /* RPG_Town-Info.plist */ = {isa = PBXFileReference; lastKnownFileType = text.plist.xml; name = "RPG_Town-Info.plist"; path = "RPG_Town/RPG_Town-Info.plist"; sourceTree = SOURCE_ROOT; };
		BC9D61BB1BD61D0D00B8DE1D /* animated_player.cpp */ = {isa = PBXFileReference; fileEncoding = 4; lastKnownFileType = sourcecode.cpp.cpp; name = animated_player.cpp; path = RPG_Town/animated_player.cpp; sourceTree = SOURCE_ROOT; };
		BC9D61BC1BD61D0D00B8DE1D /* animated_player.h */ = {isa = PBXFileReference; fileEncoding = 4; lastKnownFileType = sourcecode.c.h; name = animated_player.h; path = RPG_Town/animated_player.h; sourceTree = SOURCE_ROOT; };
		BC9D61BE1BD7495A00B8DE1D /* main_animated.cpp */ = {isa = PBXFileReference; fileEncoding = 4; lastKnownFileType = sourcecode.cpp.cpp; name = main_animated.cpp; path = RPG_Town/main_animated.cpp; sourceTree = SOURCE_ROOT; };
/* End PBXFileReference section */

/* Begin PBXFrameworksBuildPhase section */
		BC9D61971BD6140500B8DE1D /* Frameworks */ = {
			isa = PBXFrameworksBuildPhase;
			buildActionMask = 2147483647;
			files = (
				BC7D9CB11BDF20880065F7C5 /* libz.dylib in Frameworks */,
			);
			runOnlyForDeploymentPostprocessing = 0;
		};
/* End PBXFrameworksBuildPhase section */

/* Begin PBXGroup section */
		BC02797A1BE4FD4F00719D03 /* Resources */ = {
			isa = PBXGroup;
			children = (
				BC027A361BE55F3100719D03 /* 64x64_sampletile.png */,
				BC027A371BE55F3100719D03 /* pause.png */,
				BC027A381BE55F3100719D03 /* test.ogg */,
				BC027A391BE55F3100719D03 /* Vera.ttf */,
				BC027A3A1BE55F3100719D03 /* Eevee.png */,
				BC027A3B1BE55F3100719D03 /* playerSprite.png */,
			);
			name = Resources;
			path = RPG_Town;
			sourceTree = SOURCE_ROOT;
		};
		BC027A0E1BE55C8C00719D03 /* src */ = {
			isa = PBXGroup;
			children = (
				BC027A0F1BE55C8C00719D03 /* DebugShape.cpp */,
				BC027A101BE55C8C00719D03 /* MapLayer.cpp */,
				BC027A111BE55C8C00719D03 /* MapLoaderPrivate.cpp */,
				BC027A121BE55C8C00719D03 /* MapLoaderPublic.cpp */,
				BC027A131BE55C8C00719D03 /* MapObject.cpp */,
				BC027A141BE55C8C00719D03 /* pugixml */,
				BC027A161BE55C8C00719D03 /* QuadTreeNode.cpp */,
			);
			path = src;
			sourceTree = SOURCE_ROOT;
		};
		BC027A141BE55C8C00719D03 /* pugixml */ = {
			isa = PBXGroup;
			children = (
				BC027A151BE55C8C00719D03 /* pugixml.cpp */,
			);
			path = pugixml;
			sourceTree = "<group>";
		};
		BC027A181BE55C8C00719D03 /* tmx */ = {
			isa = PBXGroup;
			children = (
				BC027A191BE55C8C00719D03 /* DebugShape.h */,
				BC027A1A1BE55C8C00719D03 /* Helpers.h */,
				BC027A1B1BE55C8C00719D03 /* Log.h */,
				BC027A1C1BE55C8C00719D03 /* MapLayer.h */,
				BC027A1D1BE55C8C00719D03 /* MapLoader.h */,
				BC027A1E1BE55C8C00719D03 /* MapObject.h */,
				BC027A1F1BE55C8C00719D03 /* QuadTreeNode.h */,
			);
			path = tmx;
			sourceTree = SOURCE_ROOT;
		};
		BC027A211BE55C8C00719D03 /* pugixml */ = {
			isa = PBXGroup;
			children = (
				BC027A221BE55C8C00719D03 /* pugiconfig.hpp */,
				BC027A231BE55C8C00719D03 /* pugixml.hpp */,
			);
			path = pugixml;
			sourceTree = SOURCE_ROOT;
		};
		BC9D61911BD6140500B8DE1D = {
			isa = PBXGroup;
			children = (
				BC7D9CB01BDF20880065F7C5 /* libz.dylib */,
				BC9D619D1BD6140500B8DE1D /* RPG_Town */,
				BC9D619C1BD6140500B8DE1D /* Products */,
			);
			sourceTree = "<group>";
		};
		BC9D619C1BD6140500B8DE1D /* Products */ = {
			isa = PBXGroup;
			children = (
				BC9D619B1BD6140500B8DE1D /* RPG_Town.app */,
			);
			name = Products;
			sourceTree = SOURCE_ROOT;
		};
		BC9D619D1BD6140500B8DE1D /* RPG_Town */ = {
			isa = PBXGroup;
			children = (
				BC027A0E1BE55C8C00719D03 /* src */,
				BC027A181BE55C8C00719D03 /* tmx */,
				BC027A211BE55C8C00719D03 /* pugixml */,
				BC0279711BE4FD3B00719D03 /* Enums.h */,
				BC02797A1BE4FD4F00719D03 /* Resources */,
				BC9D61BC1BD61D0D00B8DE1D /* animated_player.h */,
				BC9D61BB1BD61D0D00B8DE1D /* animated_player.cpp */,
				BC9D61BE1BD7495A00B8DE1D /* main_animated.cpp */,
				BC9D619E1BD6140500B8DE1D /* Supporting Files */,
			);
			path = RPG_Town;
			sourceTree = SOURCE_ROOT;
		};
		BC9D619E1BD6140500B8DE1D /* Supporting Files */ = {
			isa = PBXGroup;
			children = (
				BC9D619F1BD6140500B8DE1D /* RPG_Town-Info.plist */,
			);
			name = "Supporting Files";
			path = RPG_Town;
			sourceTree = SOURCE_ROOT;
		};
/* End PBXGroup section */

/* Begin PBXHeadersBuildPhase section */
		BC395EA61BDF1537007EC434 /* Headers */ = {
			isa = PBXHeadersBuildPhase;
			buildActionMask = 2147483647;
			files = (
				BC027A2C1BE55C8C00719D03 /* DebugShape.h in Headers */,
				BC027A2E1BE55C8C00719D03 /* Log.h in Headers */,
				BC0279761BE4FD3B00719D03 /* Enums.h in Headers */,
				BC027A351BE55C8C00719D03 /* pugixml.hpp in Headers */,
				BC027A2F1BE55C8C00719D03 /* MapLayer.h in Headers */,
				BC027A341BE55C8C00719D03 /* pugiconfig.hpp in Headers */,
				BC027A321BE55C8C00719D03 /* QuadTreeNode.h in Headers */,
				BC027A301BE55C8C00719D03 /* MapLoader.h in Headers */,
				BC027A2D1BE55C8C00719D03 /* Helpers.h in Headers */,
				BC027A311BE55C8C00719D03 /* MapObject.h in Headers */,
			);
			runOnlyForDeploymentPostprocessing = 0;
		};
/* End PBXHeadersBuildPhase section */

/* Begin PBXNativeTarget section */
		BC9D619A1BD6140500B8DE1D /* RPG_Town */ = {
			isa = PBXNativeTarget;
			buildConfigurationList = BC9D61B01BD6140500B8DE1D /* Build configuration list for PBXNativeTarget "RPG_Town" */;
			buildPhases = (
				BC9D61961BD6140500B8DE1D /* Sources */,
				BC9D61971BD6140500B8DE1D /* Frameworks */,
				BC9D61981BD6140500B8DE1D /* Resources */,
				BC9D61991BD6140500B8DE1D /* ShellScript */,
				BC395EA61BDF1537007EC434 /* Headers */,
				BC0279DD1BE556B600719D03 /* CopyFiles */,
			);
			buildRules = (
			);
			dependencies = (
			);
			name = RPG_Town;
			productName = RPG_Town;
			productReference = BC9D619B1BD6140500B8DE1D /* RPG_Town.app */;
			productType = "com.apple.product-type.application";
		};
/* End PBXNativeTarget section */

/* Begin PBXProject section */
		BC9D61921BD6140500B8DE1D /* Project object */ = {
			isa = PBXProject;
			attributes = {
				LastUpgradeCheck = 0620;
				ORGANIZATIONNAME = "Audrey Lai";
				TargetAttributes = {
					BC9D619A1BD6140500B8DE1D = {
						CreatedOnToolsVersion = 6.2;
					};
				};
			};
			buildConfigurationList = BC9D61951BD6140500B8DE1D /* Build configuration list for PBXProject "RPG_Town" */;
			compatibilityVersion = "Xcode 3.2";
			developmentRegion = English;
			hasScannedForEncodings = 0;
			knownRegions = (
				en,
			);
			mainGroup = BC9D61911BD6140500B8DE1D;
			productRefGroup = BC9D619C1BD6140500B8DE1D /* Products */;
			projectDirPath = "";
			projectRoot = "";
			targets = (
				BC9D619A1BD6140500B8DE1D /* RPG_Town */,
			);
		};
/* End PBXProject section */

/* Begin PBXResourcesBuildPhase section */
		BC9D61981BD6140500B8DE1D /* Resources */ = {
			isa = PBXResourcesBuildPhase;
			buildActionMask = 2147483647;
			files = (
				BC027A3D1BE55F3100719D03 /* pause.png in Resources */,
				BC027A3C1BE55F3100719D03 /* 64x64_sampletile.png in Resources */,
				BC027A3F1BE55F3100719D03 /* Vera.ttf in Resources */,
				BC027A411BE55F3100719D03 /* playerSprite.png in Resources */,
				BC027A3E1BE55F3100719D03 /* test.ogg in Resources */,
				BC027A401BE55F3100719D03 /* Eevee.png in Resources */,
			);
			runOnlyForDeploymentPostprocessing = 0;
		};
/* End PBXResourcesBuildPhase section */

/* Begin PBXShellScriptBuildPhase section */
		BC9D61991BD6140500B8DE1D /* ShellScript */ = {
			isa = PBXShellScriptBuildPhase;
			buildActionMask = 2147483647;
			files = (
			);
			inputPaths = (
			);
			outputPaths = (
			);
			runOnlyForDeploymentPostprocessing = 0;
			shellPath = /bin/sh;
			shellScript = "# This shell script simply copies required SFML dylibs/frameworks into the application bundle frameworks folder.\n# If you're using static libraries (which is not recommended) you should remove this script from your project.\n\n# SETTINGS\nCMAKE_INSTALL_FRAMEWORK_PREFIX=\"/Library/Frameworks\"\nCMAKE_INSTALL_LIB_PREFIX=\"/usr/local/lib\"\nFRAMEWORKS_FULL_PATH=\"$BUILT_PRODUCTS_DIR/$FRAMEWORKS_FOLDER_PATH/\"\n\n# Are we building a project that uses frameworks or dylibs?\ncase \"$SFML_BINARY_TYPE\" in\n    DYLIBS)\n        frameworks=\"false\"\n        ;;\n    *)\n        frameworks=\"true\"\n        ;;\nesac\n\n# Echoes to stderr\nerror () # $* message to display\n{\n    echo $* 1>&2\n    exit 2\n}\n\nassert () # $1 is a boolean, $2...N is an error message\n{\n    if [ $# -lt 2 ]\n    then\n        error \"Internal error in assert: not enough args\"\n    fi\n\n    if [ $1 -ne 0 ]\n    then\n        shift\n        error \"$*\"\n    fi\n}\n\nforce_remove () # $@ is some paths\n{\n    test $# -ge 1\n    assert $? \"force_remove() requires at least one parameter\"\n    rm -fr $@\n    assert $? \"couldn't remove $@\"\n}\n\ncopy () # $1 is a source, $2 is a destination\n{\n    test $# -eq 2\n    assert $? \"copy() requires two parameters\"\n    ditto \"$1\" \"$2\"\n    assert $? \"couldn't copy $1 to $2\"\n}\n\nrequire () # $1 is a SFML module like 'system' or 'audio'\n{\n    dest=\"$BUILT_PRODUCTS_DIR/$FRAMEWORKS_FOLDER_PATH/\"\n\n    if [ -z \"$1\" ]\n    then\n        error \"require() requires one parameter!\"\n    else\n        # clean potentially old stuff\n        force_remove \"$dest/libsfml-$1\"*\n        force_remove \"$dest/sfml-$1.framework\"\n\n        # copy SFML libraries\n        if [ \"$frameworks\" = \"true\" ]\n        then\n            source=\"$CMAKE_INSTALL_FRAMEWORK_PREFIX/sfml-$1.framework\"\n            target=\"sfml-$1.framework\"\n        elif [ \"$SFML_LINK_DYLIBS_SUFFIX\" = \"-d\" ]\n        then\n            source=\"$CMAKE_INSTALL_LIB_PREFIX/libsfml-$1-d.dylib\"\n            target=\"`readlink $source`\"\n        else\n            source=\"$CMAKE_INSTALL_LIB_PREFIX/libsfml-$1.dylib\"\n            target=\"`readlink $source`\"\n        fi\n\n        copy \"$source\" \"$dest/$target\"\n\n        # copy extra dependencies\n        if [ \"$1\" = \"audio\" ]\n        then\n            # copy \"FLAC\" \"ogg\" \"vorbis\" \"vorbisenc\" \"vorbisfile\" \"OpenAL\" frameworks too\n            for f in \"FLAC\" \"ogg\" \"vorbis\" \"vorbisenc\" \"vorbisfile\" \"OpenAL\"\n            do\n                copy \"$CMAKE_INSTALL_FRAMEWORK_PREFIX/$f.framework\" \"$dest/$f.framework\"\n            done\n        elif [ \"$1\" = \"graphics\" ]\n        then\n            copy \"$CMAKE_INSTALL_FRAMEWORK_PREFIX/freetype.framework\" \"$dest/freetype.framework\"\n        fi\n    fi\n}\n\nif [ -n \"$SFML_SYSTEM\" ]\nthen\n    require \"system\"\nfi\n\nif [ -n \"$SFML_AUDIO\" ]\nthen\n    require \"audio\"\nfi\n\nif [ -n \"$SFML_NETWORK\" ]\nthen\n    require \"network\"\nfi\n\nif [ -n \"$SFML_WINDOW\" ]\nthen\n    require \"window\"\nfi\n\nif [ -n \"$SFML_GRAPHICS\" ]\nthen\n    require \"graphics\"\nfi\n\n                ";
		};
/* End PBXShellScriptBuildPhase section */

/* Begin PBXSourcesBuildPhase section */
		BC9D61961BD6140500B8DE1D /* Sources */ = {
			isa = PBXSourcesBuildPhase;
			buildActionMask = 2147483647;
			files = (
				BC027A291BE55C8C00719D03 /* pugixml.cpp in Sources */,
				BC027A2A1BE55C8C00719D03 /* QuadTreeNode.cpp in Sources */,
				BC027A271BE55C8C00719D03 /* MapLoaderPublic.cpp in Sources */,
				BC9D61BF1BD7495A00B8DE1D /* main_animated.cpp in Sources */,
				BC027A241BE55C8C00719D03 /* DebugShape.cpp in Sources */,
				BC9D61BD1BD61D0D00B8DE1D /* animated_player.cpp in Sources */,
				BC027A251BE55C8C00719D03 /* MapLayer.cpp in Sources */,
				BC027A261BE55C8C00719D03 /* MapLoaderPrivate.cpp in Sources */,
				BC027A281BE55C8C00719D03 /* MapObject.cpp in Sources */,
			);
			runOnlyForDeploymentPostprocessing = 0;
		};
/* End PBXSourcesBuildPhase section */

/* Begin XCBuildConfiguration section */
		BC9D61AE1BD6140500B8DE1D /* Debug */ = {
			isa = XCBuildConfiguration;
			buildSettings = {
				ARCHS = (
					i386,
					x86_64,
				);
				CLANG_CXX_LANGUAGE_STANDARD = "c++0x";
				CLANG_CXX_LIBRARY = "libc++";
				FRAMEWORK_SEARCH_PATHS = (
					/Library/Frameworks/,
					"$(inherited)",
				);
				GCC_VERSION = com.apple.compilers.llvm.clang.1_0;
				HEADER_SEARCH_PATHS = (
					/usr/local/include/,
					"$(inherited)",
					"/Users/audreylai/Desktop/sfml-tmxloader-master/include/",
				);
				LD_DYLIB_INSTALL_NAME = "@executable_path/../Frameworks/$(EXECUTABLE_PATH)";
				LIBRARY_SEARCH_PATHS = (
					/usr/local/lib/,
					"$(inherited)",
				);
				MACOSX_DEPLOYMENT_TARGET = 10.7;
				ONLY_ACTIVE_ARCH = YES;
				OTHER_LDFLAGS = (
					"$(inherited)",
					"$(SFML_SYSTEM)",
					"$(SFML_WINDOW)",
					"$(SFML_GRAPHICS)",
					"$(SFML_AUDIO)",
					"$(SFML_NETWORK)",
				);
				SFML_AUDIO = "$(SFML_LINK_PREFIX) sfml-audio$(SFML_LINK_SUFFIX)";
				SFML_BINARY_TYPE = FRAMEWORKS;
				SFML_GRAPHICS = "$(SFML_LINK_PREFIX) sfml-graphics$(SFML_LINK_SUFFIX)";
				SFML_LINK_DYLIBS_PREFIX = "-l";
				SFML_LINK_DYLIBS_SUFFIX = "";
				SFML_LINK_FRAMEWORKS_PREFIX = "-framework";
				SFML_LINK_FRAMEWORKS_SUFFIX = "";
				SFML_LINK_PREFIX = "$(SFML_LINK_$(SFML_BINARY_TYPE)_PREFIX)";
				SFML_LINK_SUFFIX = "$(SFML_LINK_$(SFML_BINARY_TYPE)_SUFFIX)";
				SFML_NETWORK = "$(SFML_LINK_PREFIX) sfml-network$(SFML_LINK_SUFFIX)";
				SFML_SYSTEM = "$(SFML_LINK_PREFIX) sfml-system$(SFML_LINK_SUFFIX)";
				SFML_WINDOW = "$(SFML_LINK_PREFIX) sfml-window$(SFML_LINK_SUFFIX)";
				SUPPORTED_PLATFORMS = macosx;
				USER_HEADER_SEARCH_PATHS = "/Users/audreylai/Desktop/sfml-tmxloader-master/include/";
			};
			name = Debug;
		};
		BC9D61AF1BD6140500B8DE1D /* Release */ = {
			isa = XCBuildConfiguration;
			buildSettings = {
				ARCHS = (
					i386,
					x86_64,
				);
				CLANG_CXX_LANGUAGE_STANDARD = "c++0x";
				CLANG_CXX_LIBRARY = "libc++";
				FRAMEWORK_SEARCH_PATHS = (
					/Library/Frameworks/,
					"$(inherited)",
				);
				GCC_VERSION = com.apple.compilers.llvm.clang.1_0;
				HEADER_SEARCH_PATHS = (
					/usr/local/include/,
					"$(inherited)",
					"/Users/audreylai/Desktop/sfml-tmxloader-master/include/",
				);
				LD_DYLIB_INSTALL_NAME = "@executable_path/../Frameworks/$(EXECUTABLE_PATH)";
				LIBRARY_SEARCH_PATHS = (
					/usr/local/lib/,
					"$(inherited)",
				);
				MACOSX_DEPLOYMENT_TARGET = 10.7;
				ONLY_ACTIVE_ARCH = YES;
				OTHER_LDFLAGS = (
					"$(inherited)",
					"$(SFML_SYSTEM)",
					"$(SFML_WINDOW)",
					"$(SFML_GRAPHICS)",
					"$(SFML_AUDIO)",
					"$(SFML_NETWORK)",
				);
				SFML_AUDIO = "$(SFML_LINK_PREFIX) sfml-audio$(SFML_LINK_SUFFIX)";
				SFML_BINARY_TYPE = FRAMEWORKS;
				SFML_GRAPHICS = "$(SFML_LINK_PREFIX) sfml-graphics$(SFML_LINK_SUFFIX)";
				SFML_LINK_DYLIBS_PREFIX = "-l";
				SFML_LINK_DYLIBS_SUFFIX = "";
				SFML_LINK_FRAMEWORKS_PREFIX = "-framework";
				SFML_LINK_FRAMEWORKS_SUFFIX = "";
				SFML_LINK_PREFIX = "$(SFML_LINK_$(SFML_BINARY_TYPE)_PREFIX)";
				SFML_LINK_SUFFIX = "$(SFML_LINK_$(SFML_BINARY_TYPE)_SUFFIX)";
				SFML_NETWORK = "$(SFML_LINK_PREFIX) sfml-network$(SFML_LINK_SUFFIX)";
				SFML_SYSTEM = "$(SFML_LINK_PREFIX) sfml-system$(SFML_LINK_SUFFIX)";
				SFML_WINDOW = "$(SFML_LINK_PREFIX) sfml-window$(SFML_LINK_SUFFIX)";
				SUPPORTED_PLATFORMS = macosx;
				USER_HEADER_SEARCH_PATHS = "/Users/audreylai/Desktop/sfml-tmxloader-master/include/";
			};
			name = Release;
		};
		BC9D61B11BD6140500B8DE1D /* Debug */ = {
			isa = XCBuildConfiguration;
			buildSettings = {
				ARCHS = "$(ARCHS_STANDARD_64_BIT)";
				INFOPLIST_FILE = "RPG_Town/RPG_Town-Info.plist";
				LD_RUNPATH_SEARCH_PATHS = "@loader_path/../Frameworks";
				MACH_O_TYPE = mh_execute;
				ONLY_ACTIVE_ARCH = YES;
				PRODUCT_NAME = "$(TARGET_NAME)";
				TMX = "-frameworks";
				USER_HEADER_SEARCH_PATHS = "/Users/audreyflai/Desktop/sfml-tmxloader-master/include/";
			};
			name = Debug;
		};
		BC9D61B21BD6140500B8DE1D /* Release */ = {
			isa = XCBuildConfiguration;
			buildSettings = {
				ARCHS = "$(ARCHS_STANDARD_64_BIT)";
				INFOPLIST_FILE = "RPG_Town/RPG_Town-Info.plist";
				LD_RUNPATH_SEARCH_PATHS = "@loader_path/../Frameworks";
				MACH_O_TYPE = mh_execute;
				ONLY_ACTIVE_ARCH = YES;
				PRODUCT_NAME = "$(TARGET_NAME)";
				TMX = "-frameworks";
				USER_HEADER_SEARCH_PATHS = "/Users/audreyflai/Desktop/sfml-tmxloader-master/include/";
			};
			name = Release;
		};
/* End XCBuildConfiguration section */

/* Begin XCConfigurationList section */
		BC9D61951BD6140500B8DE1D /* Build configuration list for PBXProject "RPG_Town" */ = {
			isa = XCConfigurationList;
			buildConfigurations = (
				BC9D61AE1BD6140500B8DE1D /* Debug */,
				BC9D61AF1BD6140500B8DE1D /* Release */,
			);
			defaultConfigurationIsVisible = 0;
			defaultConfigurationName = Release;
		};
		BC9D61B01BD6140500B8DE1D /* Build configuration list for PBXNativeTarget "RPG_Town" */ = {
			isa = XCConfigurationList;
			buildConfigurations = (
				BC9D61B11BD6140500B8DE1D /* Debug */,
				BC9D61B21BD6140500B8DE1D /* Release */,
			);
			defaultConfigurationIsVisible = 0;
			defaultConfigurationName = Release;
		};
/* End XCConfigurationList section */
	};
	rootObject = BC9D61921BD6140500B8DE1D /* Project object */;
}
